
Microsoft Visual Studio Solution File, Format Version 12.00
# Visual Studio Version 17
VisualStudioVersion = 17.5.33424.131
MinimumVisualStudioVersion = 10.0.40219.1
Project("{FAE04EC0-301F-11D3-BF4B-00C04F79EFBC}") = "cs0531if", "cs0531if\cs0531if.csproj", "{F39C715C-4116-45C6-A160-8F4898329EA5}"
EndProject
Global
	GlobalSection(SolutionConfigurationPlatforms) = preSolution
		Debug|Any CPU = Debug|Any CPU
		Release|Any CPU = Release|Any CPU
	EndGlobalSection
	GlobalSection(ProjectConfigurationPlatforms) = postSolution
		{F39C715C-4116-45C6-A160-8F4898329EA5}.Debug|Any CPU.ActiveCfg = Debug|Any CPU
		{F39C715C-4116-45C6-A160-8F4898329EA5}.Debug|Any CPU.Build.0 = Debug|Any CPU
		{F39C715C-4116-45C6-A160-8F4898329EA5}.Release|Any CPU.ActiveCfg = Release|Any CPU
		{F39C715C-4116-45C6-A160-8F4898329EA5}.Release|Any CPU.Build.0 = Release|Any CPU
	EndGlobalSection
	GlobalSection(SolutionProperties) = preSolution
		HideSolutionNode = FALSE
	EndGlobalSection
	GlobalSection(ExtensibilityGlobals) = postSolution
		SolutionGuid = {DB3F10F5-A2AD-4939-9DFF-9F585803CA79}
	EndGlobalSection
EndGlobal
